
Microsoft Visual Studio Solution File, Format Version 12.00
# Visual Studio Version 17
VisualStudioVersion = 17.8.34330.188
MinimumVisualStudioVersion = 10.0.40219.1
Project("{9A19103F-16F7-4668-BE54-9A1E7A4F7556}") = "SucroseImpactProxy", "SucroseImpactProxy.csproj", "{965ED06B-992A-4498-81E7-6A643568D78B}"
EndProject
Global
	GlobalSection(SolutionConfigurationPlatforms) = preSolution
		Debug|Any CPU = Debug|Any CPU
		Release|Any CPU = Release|Any CPU
	EndGlobalSection
	GlobalSection(ProjectConfigurationPlatforms) = postSolution
		{965ED06B-992A-4498-81E7-6A643568D78B}.Debug|Any CPU.ActiveCfg = Debug|Any CPU
		{965ED06B-992A-4498-81E7-6A643568D78B}.Debug|Any CPU.Build.0 = Debug|Any CPU
		{965ED06B-992A-4498-81E7-6A643568D78B}.Release|Any CPU.ActiveCfg = Release|Any CPU
		{965ED06B-992A-4498-81E7-6A643568D78B}.Release|Any CPU.Build.0 = Release|Any CPU
	EndGlobalSection
	GlobalSection(SolutionProperties) = preSolution
		HideSolutionNode = FALSE
	EndGlobalSection
	GlobalSection(ExtensibilityGlobals) = postSolution
		SolutionGuid = {12C14BC6-38AF-46A0-A577-B2DE5F9AF8E7}
	EndGlobalSection
EndGlobal
